
Microsoft Visual Studio Solution File, Format Version 12.00
# Visual Studio 2017
Project("{FAE04EC0-301F-11D3-BF4B-00C04F79EFBC}") = "Hands", "Hands.csproj", "{7F2E155F-615F-A1D4-764D-228FC296B2E0}"
EndProject
Project("{FAE04EC0-301F-11D3-BF4B-00C04F79EFBC}") = "Hands.Editor", "Hands.Editor.csproj", "{D7AFF2ED-33E8-E84E-7877-53B0FED0880C}"
EndProject
Global
	GlobalSection(SolutionConfigurationPlatforms) = preSolution
		Debug|Any CPU = Debug|Any CPU
		Release|Any CPU = Release|Any CPU
	EndGlobalSection
	GlobalSection(ProjectConfigurationPlatforms) = postSolution
		{7F2E155F-615F-A1D4-764D-228FC296B2E0}.Debug|Any CPU.ActiveCfg = Debug|Any CPU
		{7F2E155F-615F-A1D4-764D-228FC296B2E0}.Debug|Any CPU.Build.0 = Debug|Any CPU
		{7F2E155F-615F-A1D4-764D-228FC296B2E0}.Release|Any CPU.ActiveCfg = Release|Any CPU
		{7F2E155F-615F-A1D4-764D-228FC296B2E0}.Release|Any CPU.Build.0 = Release|Any CPU
		{D7AFF2ED-33E8-E84E-7877-53B0FED0880C}.Debug|Any CPU.ActiveCfg = Debug|Any CPU
		{D7AFF2ED-33E8-E84E-7877-53B0FED0880C}.Debug|Any CPU.Build.0 = Debug|Any CPU
		{D7AFF2ED-33E8-E84E-7877-53B0FED0880C}.Release|Any CPU.ActiveCfg = Release|Any CPU
		{D7AFF2ED-33E8-E84E-7877-53B0FED0880C}.Release|Any CPU.Build.0 = Release|Any CPU
	EndGlobalSection
	GlobalSection(SolutionProperties) = preSolution
		HideSolutionNode = FALSE
	EndGlobalSection
EndGlobal
